
Microsoft Visual Studio Solution File, Format Version 12.00
# Visual Studio 15
VisualStudioVersion = 15.0.28307.271
MinimumVisualStudioVersion = 10.0.40219.1
Project("{6EC3EE1D-3C4E-46DD-8F32-0CC8E7565705}") = "BaseFSharp", "BaseFSharp\BaseFSharp.fsproj", "{5B38D662-C2D7-4EC7-B557-A5361256E9FD}"
EndProject
Project("{2150E333-8FDC-42A3-9474-1A3956D46DE8}") = "Three", "Three", "{E965C54F-45D4-4CEC-AE6B-8C98A6354C80}"
EndProject
Project("{9A19103F-16F7-4668-BE54-9A1E7A4F7556}") = "Console.Events.API", "Console.Events.API\Console.Events.API.csproj", "{7C807B1C-3D2A-43D5-BC58-AE3247F47C25}"
EndProject
Project("{9A19103F-16F7-4668-BE54-9A1E7A4F7556}") = "Contoso.Events.Data", "Contoso.Events.Data\Contoso.Events.Data.csproj", "{F2E1CEDA-4C2D-479D-8DC0-DC09E62BA07C}"
EndProject
Project("{9A19103F-16F7-4668-BE54-9A1E7A4F7556}") = "Contoso.Events.Management", "Contoso.Events.Management\Contoso.Events.Management.csproj", "{38C01F68-52BA-45FC-B777-9335D6FFDFCB}"
EndProject
Project("{9A19103F-16F7-4668-BE54-9A1E7A4F7556}") = "Contoso.Events.ViewModels", "Contoso.Events.ViewModels\Contoso.Events.ViewModels.csproj", "{873843FA-9C72-4F04-B93A-F9F94724D55C}"
EndProject
Project("{9A19103F-16F7-4668-BE54-9A1E7A4F7556}") = "Contoso.Events.Models", "Contoso.Events.Models\Contoso.Events.Models.csproj", "{628C8B86-896A-489A-860F-3A2641DA28C9}"
EndProject
Project("{2150E333-8FDC-42A3-9474-1A3956D46DE8}") = "test", "test", "{A2125726-664F-4403-90BF-D91AF8AC8FA9}"
EndProject
Global
	GlobalSection(SolutionConfigurationPlatforms) = preSolution
		Debug|Any CPU = Debug|Any CPU
		Release|Any CPU = Release|Any CPU
	EndGlobalSection
	GlobalSection(ProjectConfigurationPlatforms) = postSolution
		{5B38D662-C2D7-4EC7-B557-A5361256E9FD}.Debug|Any CPU.ActiveCfg = Debug|Any CPU
		{5B38D662-C2D7-4EC7-B557-A5361256E9FD}.Debug|Any CPU.Build.0 = Debug|Any CPU
		{5B38D662-C2D7-4EC7-B557-A5361256E9FD}.Release|Any CPU.ActiveCfg = Release|Any CPU
		{5B38D662-C2D7-4EC7-B557-A5361256E9FD}.Release|Any CPU.Build.0 = Release|Any CPU
		{7C807B1C-3D2A-43D5-BC58-AE3247F47C25}.Debug|Any CPU.ActiveCfg = Debug|Any CPU
		{7C807B1C-3D2A-43D5-BC58-AE3247F47C25}.Debug|Any CPU.Build.0 = Debug|Any CPU
		{7C807B1C-3D2A-43D5-BC58-AE3247F47C25}.Release|Any CPU.ActiveCfg = Release|Any CPU
		{7C807B1C-3D2A-43D5-BC58-AE3247F47C25}.Release|Any CPU.Build.0 = Release|Any CPU
		{F2E1CEDA-4C2D-479D-8DC0-DC09E62BA07C}.Debug|Any CPU.ActiveCfg = Debug|Any CPU
		{F2E1CEDA-4C2D-479D-8DC0-DC09E62BA07C}.Debug|Any CPU.Build.0 = Debug|Any CPU
		{F2E1CEDA-4C2D-479D-8DC0-DC09E62BA07C}.Release|Any CPU.ActiveCfg = Release|Any CPU
		{F2E1CEDA-4C2D-479D-8DC0-DC09E62BA07C}.Release|Any CPU.Build.0 = Release|Any CPU
		{38C01F68-52BA-45FC-B777-9335D6FFDFCB}.Debug|Any CPU.ActiveCfg = Debug|Any CPU
		{38C01F68-52BA-45FC-B777-9335D6FFDFCB}.Debug|Any CPU.Build.0 = Debug|Any CPU
		{38C01F68-52BA-45FC-B777-9335D6FFDFCB}.Release|Any CPU.ActiveCfg = Release|Any CPU
		{38C01F68-52BA-45FC-B777-9335D6FFDFCB}.Release|Any CPU.Build.0 = Release|Any CPU
		{873843FA-9C72-4F04-B93A-F9F94724D55C}.Debug|Any CPU.ActiveCfg = Debug|Any CPU
		{873843FA-9C72-4F04-B93A-F9F94724D55C}.Debug|Any CPU.Build.0 = Debug|Any CPU
		{873843FA-9C72-4F04-B93A-F9F94724D55C}.Release|Any CPU.ActiveCfg = Release|Any CPU
		{873843FA-9C72-4F04-B93A-F9F94724D55C}.Release|Any CPU.Build.0 = Release|Any CPU
		{628C8B86-896A-489A-860F-3A2641DA28C9}.Debug|Any CPU.ActiveCfg = Debug|Any CPU
		{628C8B86-896A-489A-860F-3A2641DA28C9}.Debug|Any CPU.Build.0 = Debug|Any CPU
		{628C8B86-896A-489A-860F-3A2641DA28C9}.Release|Any CPU.ActiveCfg = Release|Any CPU
		{628C8B86-896A-489A-860F-3A2641DA28C9}.Release|Any CPU.Build.0 = Release|Any CPU
	EndGlobalSection
	GlobalSection(SolutionProperties) = preSolution
		HideSolutionNode = FALSE
	EndGlobalSection
	GlobalSection(NestedProjects) = preSolution
		{7C807B1C-3D2A-43D5-BC58-AE3247F47C25} = {E965C54F-45D4-4CEC-AE6B-8C98A6354C80}
		{F2E1CEDA-4C2D-479D-8DC0-DC09E62BA07C} = {E965C54F-45D4-4CEC-AE6B-8C98A6354C80}
		{38C01F68-52BA-45FC-B777-9335D6FFDFCB} = {E965C54F-45D4-4CEC-AE6B-8C98A6354C80}
		{873843FA-9C72-4F04-B93A-F9F94724D55C} = {E965C54F-45D4-4CEC-AE6B-8C98A6354C80}
		{628C8B86-896A-489A-860F-3A2641DA28C9} = {E965C54F-45D4-4CEC-AE6B-8C98A6354C80}
	EndGlobalSection
	GlobalSection(ExtensibilityGlobals) = postSolution
		SolutionGuid = {C615CC1C-B3E6-4B2B-A25C-13A3C89A178B}
	EndGlobalSection
EndGlobal
